<?xml version="1.0" encoding="utf-8"?>
<Project ToolsVersion="4.0" xmlns="http://schemas.microsoft.com/developer/msbuild/2003">
  <ItemGroup>
    <Filter Include="Source Files">
      <UniqueIdentifier>{4FC737F1-C7A5-4376-A066-2A32D752A2FF}</UniqueIdentifier>
      <Extensions>cpp;cxx;c;def</Extensions>
    </Filter>
    <Filter Include="Header Files">
      <UniqueIdentifier>{93995380-89BD-4b04-88EB-625FBE52EBFB}</UniqueIdentifier>
      <Extensions>h</Extensions>
    </Filter>
    <Filter Include="Form Files">
      <UniqueIdentifier>{99349809-55BA-4b9d-BF79-8FDBB0286EB3}</UniqueIdentifier>
      <Extensions>ui</Extensions>
    </Filter>
    <Filter Include="Resource Files">
      <UniqueIdentifier>{D9D6E242-F8AF-46E4-B9FD-80ECBC20BA3E}</UniqueIdentifier>
      <Extensions>qrc;*</Extensions>
      <ParseFiles>false</ParseFiles>
    </Filter>
    <Filter Include="Generated Files">
      <UniqueIdentifier>{71ED8ED8-ACB9-4CE9-BBE1-E00B30144E11}</UniqueIdentifier>
      <Extensions>moc;h;cpp</Extensions>
      <SourceControlFiles>False</SourceControlFiles>
    </Filter>
    <Filter Include="Generated Files\Debug">
      <UniqueIdentifier>{a89fab58-5103-44a7-a975-ef57b552aa94}</UniqueIdentifier>
      <Extensions>cpp;moc</Extensions>
      <SourceControlFiles>False</SourceControlFiles>
    </Filter>
    <Filter Include="Generated Files\Release">
      <UniqueIdentifier>{c11e8ccc-a0b2-42cf-ac63-97e8102ed499}</UniqueIdentifier>
      <Extensions>cpp;moc</Extensions>
      <SourceControlFiles>False</SourceControlFiles>
    </Filter>
    <Filter Include="Source Files\rules">
      <UniqueIdentifier>{11631192-ebd6-4575-91cb-fb8ec029a850}</UniqueIdentifier>
    </Filter>
    <Filter Include="Source Files\shaders">
      <UniqueIdentifier>{91604b73-3bfa-4bb1-91fd-ff26b588a5e1}</UniqueIdentifier>
    </Filter>
    <Filter Include="Source Files\shapes">
      <UniqueIdentifier>{4107da92-f9d9-4060-b19f-8fcdd660aae9}</UniqueIdentifier>
    </Filter>
  </ItemGroup>
  <ItemGroup>
    <ClCompile Include="main.cpp">
      <Filter>Source Files</Filter>
    </ClCompile>
    <ClCompile Include="MainWindow.cpp">
      <Filter>Source Files</Filter>
    </ClCompile>
    <ClCompile Include="GeneratedFiles\Debug\moc_MainWindow.cpp">
      <Filter>Generated Files\Debug</Filter>
    </ClCompile>
    <ClCompile Include="GeneratedFiles\Release\moc_MainWindow.cpp">
      <Filter>Generated Files\Release</Filter>
    </ClCompile>
    <ClCompile Include="GeneratedFiles\qrc_MainWindow.cpp">
      <Filter>Generated Files</Filter>
    </ClCompile>
    <ClCompile Include="Camera.cpp">
      <Filter>Source Files</Filter>
    </ClCompile>
    <ClCompile Include="GLUtils.cpp">
      <Filter>Source Files</Filter>
    </ClCompile>
    <ClCompile Include="GLWidget3D.cpp">
      <Filter>Source Files</Filter>
    </ClCompile>
    <ClCompile Include="GeneratedFiles\Debug\moc_GLWidget3D.cpp">
      <Filter>Generated Files\Debug</Filter>
    </ClCompile>
    <ClCompile Include="GeneratedFiles\Release\moc_GLWidget3D.cpp">
      <Filter>Generated Files\Release</Filter>
    </ClCompile>
    <ClCompile Include="NumberEval.cpp">
      <Filter>Source Files</Filter>
    </ClCompile>
    <ClCompile Include="RenderManager.cpp">
      <Filter>Source Files</Filter>
    </ClCompile>
    <ClCompile Include="Shader.cpp">
      <Filter>Source Files</Filter>
    </ClCompile>
    <ClCompile Include="ShadowMapping.cpp">
      <Filter>Source Files</Filter>
    </ClCompile>
    <ClCompile Include="Stroke.cpp">
      <Filter>Source Files</Filter>
    </ClCompile>
    <ClCompile Include="BoundingBox.cpp">
      <Filter>Source Files\shapes</Filter>
    </ClCompile>
    <ClCompile Include="CGA.cpp">
      <Filter>Source Files\shapes</Filter>
    </ClCompile>
    <ClCompile Include="CompOperator.cpp">
      <Filter>Source Files\rules</Filter>
    </ClCompile>
    <ClCompile Include="CopyOperator.cpp">
      <Filter>Source Files\rules</Filter>
    </ClCompile>
    <ClCompile Include="Cuboid.cpp">
      <Filter>Source Files\shapes</Filter>
    </ClCompile>
    <ClCompile Include="ExtrudeOperator.cpp">
      <Filter>Source Files\rules</Filter>
    </ClCompile>
    <ClCompile Include="Face.cpp">
      <Filter>Source Files\shapes</Filter>
    </ClCompile>
    <ClCompile Include="Rectangle.cpp">
      <Filter>Source Files\shapes</Filter>
    </ClCompile>
    <ClCompile Include="Rule.cpp">
      <Filter>Source Files\rules</Filter>
    </ClCompile>
    <ClCompile Include="RuleParser.cpp">
      <Filter>Source Files\rules</Filter>
    </ClCompile>
    <ClCompile Include="Shape.cpp">
      <Filter>Source Files\shapes</Filter>
    </ClCompile>
    <ClCompile Include="SplitOperator.cpp">
      <Filter>Source Files\rules</Filter>
    </ClCompile>
    <ClCompile Include="CVUtils.cpp">
      <Filter>Source Files</Filter>
    </ClCompile>
    <ClCompile Include="ShapeFeature.cpp">
      <Filter>Source Files</Filter>
    </ClCompile>
    <ClCompile Include="ShapeFeatureLoader.cpp">
      <Filter>Source Files</Filter>
    </ClCompile>
  </ItemGroup>
  <ItemGroup>
    <CustomBuild Include="MainWindow.h">
      <Filter>Header Files</Filter>
    </CustomBuild>
    <CustomBuild Include="MainWindow.ui">
      <Filter>Form Files</Filter>
    </CustomBuild>
    <CustomBuild Include="MainWindow.qrc">
      <Filter>Resource Files</Filter>
    </CustomBuild>
    <CustomBuild Include="GLWidget3D.h">
      <Filter>Header Files</Filter>
    </CustomBuild>
  </ItemGroup>
  <ItemGroup>
    <ClInclude Include="GeneratedFiles\ui_MainWindow.h">
      <Filter>Generated Files</Filter>
    </ClInclude>
    <ClInclude Include="BoundingBox.h">
      <Filter>Source Files\shapes</Filter>
    </ClInclude>
    <ClInclude Include="CGA.h">
      <Filter>Source Files\shapes</Filter>
    </ClInclude>
    <ClInclude Include="CopyOperator.h">
      <Filter>Source Files\rules</Filter>
    </ClInclude>
    <ClInclude Include="CompOperator.h">
      <Filter>Source Files\rules</Filter>
    </ClInclude>
    <ClInclude Include="Cuboid.h">
      <Filter>Source Files\shapes</Filter>
    </ClInclude>
    <ClInclude Include="ExtrudeOperator.h">
      <Filter>Source Files\rules</Filter>
    </ClInclude>
    <ClInclude Include="Face.h">
      <Filter>Source Files\shapes</Filter>
    </ClInclude>
    <ClInclude Include="Rectangle.h">
      <Filter>Source Files\shapes</Filter>
    </ClInclude>
    <ClInclude Include="RuleParser.h">
      <Filter>Source Files\rules</Filter>
    </ClInclude>
    <ClInclude Include="Rule.h">
      <Filter>Source Files\rules</Filter>
    </ClInclude>
    <ClInclude Include="Shape.h">
      <Filter>Source Files\shapes</Filter>
    </ClInclude>
    <ClInclude Include="SplitOperator.h">
      <Filter>Source Files\rules</Filter>
    </ClInclude>
    <ClInclude Include="Camera.h">
      <Filter>Header Files</Filter>
    </ClInclude>
    <ClInclude Include="GLUtils.h">
      <Filter>Header Files</Filter>
    </ClInclude>
    <ClInclude Include="NumberEval.h">
      <Filter>Header Files</Filter>
    </ClInclude>
    <ClInclude Include="RenderManager.h">
      <Filter>Header Files</Filter>
    </ClInclude>
    <ClInclude Include="Shader.h">
      <Filter>Header Files</Filter>
    </ClInclude>
    <ClInclude Include="ShadowMapping.h">
      <Filter>Header Files</Filter>
    </ClInclude>
    <ClInclude Include="Stroke.h">
      <Filter>Header Files</Filter>
    </ClInclude>
    <ClInclude Include="Vertex.h">
      <Filter>Header Files</Filter>
    </ClInclude>
    <ClInclude Include="CVUtils.h">
      <Filter>Header Files</Filter>
    </ClInclude>
    <ClInclude Include="ShapeFeature.h">
      <Filter>Header Files</Filter>
    </ClInclude>
    <ClInclude Include="ShapeFeatureLoader.h">
      <Filter>Header Files</Filter>
    </ClInclude>
  </ItemGroup>
  <ItemGroup>
    <None Include="..\shaders\fragment.glsl">
      <Filter>Source Files\shaders</Filter>
    </None>
    <None Include="..\shaders\geometry.glsl">
      <Filter>Source Files\shaders</Filter>
    </None>
    <None Include="..\shaders\vertex.glsl">
      <Filter>Source Files\shaders</Filter>
    </None>
  </ItemGroup>
</Project>